github.com/mwat56/errorhandler v1.0.3 h1:toLU1cUjj9ro9HYaLgt6vtGJf0dhLJRjNtPVqOfh8+I=
github.com/mwat56/errorhandler v1.0.3/go.mod h1:NFz8HNMovjavnhZLyJOR/muQJnrLl1jHbkHp2lbz+/o=
github.com/mwat56/errorhandler v1.1.0 h1:5lgFcGACmk4WFkGMxZ2bvqTDboY0+1Efzedl59q374I=
github.com/mwat56/errorhandler v1.1.0/go.mod h1:NFz8HNMovjavnhZLyJOR/muQJnrLl1jHbkHp2lbz+/o=
