github.com/mwat56/errorhandler v1.0.2 h1:mlvQaV6A40YAnu6uTBxfdAuXWqLuuvdS5sPkoH+5dFo=
github.com/mwat56/errorhandler v1.0.2/go.mod h1:NFz8HNMovjavnhZLyJOR/muQJnrLl1jHbkHp2lbz+/o=
github.com/mwat56/errorhandler v1.0.3 h1:toLU1cUjj9ro9HYaLgt6vtGJf0dhLJRjNtPVqOfh8+I=
github.com/mwat56/errorhandler v1.0.3/go.mod h1:NFz8HNMovjavnhZLyJOR/muQJnrLl1jHbkHp2lbz+/o=
